
Microsoft Visual Studio Solution File, Format Version 12.00
# Visual Studio Version 16
VisualStudioVersion = 16.0.31321.278
MinimumVisualStudioVersion = 10.0.40219.1
Project("{FAE04EC0-301F-11D3-BF4B-00C04F79EFBC}") = "Harbor.WebApi", "Harbor.WebApi\Harbor.WebApi.csproj", "{12DE983D-1D40-4D0D-80A8-61277C45EE1F}"
EndProject
Project("{FAE04EC0-301F-11D3-BF4B-00C04F79EFBC}") = "Harbor.BL", "Harbor.BL\Harbor.BL.csproj", "{D78ECA97-7051-4FDE-9A09-5BF340B80BF2}"
EndProject
Project("{FAE04EC0-301F-11D3-BF4B-00C04F79EFBC}") = "Harbor.BusinessEntities", "Harbor.BusinessEntities\Harbor.BusinessEntities.csproj", "{D51A2C56-6C41-4B8D-958C-7E1FC0C27586}"
EndProject
Project("{FAE04EC0-301F-11D3-BF4B-00C04F79EFBC}") = "Harbor.Common", "Harbor.Common\Harbor.Common.csproj", "{AF4502D9-C52F-44CE-B8A8-38EB31744FE0}"
EndProject
Global
	GlobalSection(SolutionConfigurationPlatforms) = preSolution
		Debug|Any CPU = Debug|Any CPU
		Release|Any CPU = Release|Any CPU
	EndGlobalSection
	GlobalSection(ProjectConfigurationPlatforms) = postSolution
		{12DE983D-1D40-4D0D-80A8-61277C45EE1F}.Debug|Any CPU.ActiveCfg = Debug|Any CPU
		{12DE983D-1D40-4D0D-80A8-61277C45EE1F}.Debug|Any CPU.Build.0 = Debug|Any CPU
		{12DE983D-1D40-4D0D-80A8-61277C45EE1F}.Release|Any CPU.ActiveCfg = Release|Any CPU
		{12DE983D-1D40-4D0D-80A8-61277C45EE1F}.Release|Any CPU.Build.0 = Release|Any CPU
		{D78ECA97-7051-4FDE-9A09-5BF340B80BF2}.Debug|Any CPU.ActiveCfg = Debug|Any CPU
		{D78ECA97-7051-4FDE-9A09-5BF340B80BF2}.Debug|Any CPU.Build.0 = Debug|Any CPU
		{D78ECA97-7051-4FDE-9A09-5BF340B80BF2}.Release|Any CPU.ActiveCfg = Release|Any CPU
		{D78ECA97-7051-4FDE-9A09-5BF340B80BF2}.Release|Any CPU.Build.0 = Release|Any CPU
		{D51A2C56-6C41-4B8D-958C-7E1FC0C27586}.Debug|Any CPU.ActiveCfg = Debug|Any CPU
		{D51A2C56-6C41-4B8D-958C-7E1FC0C27586}.Debug|Any CPU.Build.0 = Debug|Any CPU
		{D51A2C56-6C41-4B8D-958C-7E1FC0C27586}.Release|Any CPU.ActiveCfg = Release|Any CPU
		{D51A2C56-6C41-4B8D-958C-7E1FC0C27586}.Release|Any CPU.Build.0 = Release|Any CPU
		{AF4502D9-C52F-44CE-B8A8-38EB31744FE0}.Debug|Any CPU.ActiveCfg = Debug|Any CPU
		{AF4502D9-C52F-44CE-B8A8-38EB31744FE0}.Debug|Any CPU.Build.0 = Debug|Any CPU
		{AF4502D9-C52F-44CE-B8A8-38EB31744FE0}.Release|Any CPU.ActiveCfg = Release|Any CPU
		{AF4502D9-C52F-44CE-B8A8-38EB31744FE0}.Release|Any CPU.Build.0 = Release|Any CPU
	EndGlobalSection
	GlobalSection(SolutionProperties) = preSolution
		HideSolutionNode = FALSE
	EndGlobalSection
	GlobalSection(ExtensibilityGlobals) = postSolution
		SolutionGuid = {C0C4434F-0A38-4D1A-9566-4F25926655A1}
	EndGlobalSection
EndGlobal
